
Microsoft Visual Studio Solution File, Format Version 12.00
# Visual Studio Version 16
VisualStudioVersion = 16.0.30204.135
MinimumVisualStudioVersion = 10.0.40219.1
Project("{FAE04EC0-301F-11D3-BF4B-00C04F79EFBC}") = "ContactDemo", "ContactDemo\ContactDemo.csproj", "{EE3BD6C6-E133-43F6-8917-C982A5E13550}"
EndProject
Project("{FAE04EC0-301F-11D3-BF4B-00C04F79EFBC}") = "ContactDemo.Domain", "ContactDemo.Domain\ContactDemo.Domain.csproj", "{5A03C285-BFF0-4B92-9B65-8944F6D83B86}"
EndProject
Project("{FAE04EC0-301F-11D3-BF4B-00C04F79EFBC}") = "ContactDemo.Data", "ContactDemo.Data\ContactDemo.Data.csproj", "{00AE63F2-CFFD-49AC-A9A0-A21390492FE2}"
EndProject
Global
	GlobalSection(SolutionConfigurationPlatforms) = preSolution
		Debug|Any CPU = Debug|Any CPU
		Release|Any CPU = Release|Any CPU
	EndGlobalSection
	GlobalSection(ProjectConfigurationPlatforms) = postSolution
		{EE3BD6C6-E133-43F6-8917-C982A5E13550}.Debug|Any CPU.ActiveCfg = Debug|Any CPU
		{EE3BD6C6-E133-43F6-8917-C982A5E13550}.Debug|Any CPU.Build.0 = Debug|Any CPU
		{EE3BD6C6-E133-43F6-8917-C982A5E13550}.Release|Any CPU.ActiveCfg = Release|Any CPU
		{EE3BD6C6-E133-43F6-8917-C982A5E13550}.Release|Any CPU.Build.0 = Release|Any CPU
		{5A03C285-BFF0-4B92-9B65-8944F6D83B86}.Debug|Any CPU.ActiveCfg = Debug|Any CPU
		{5A03C285-BFF0-4B92-9B65-8944F6D83B86}.Debug|Any CPU.Build.0 = Debug|Any CPU
		{5A03C285-BFF0-4B92-9B65-8944F6D83B86}.Release|Any CPU.ActiveCfg = Release|Any CPU
		{5A03C285-BFF0-4B92-9B65-8944F6D83B86}.Release|Any CPU.Build.0 = Release|Any CPU
		{00AE63F2-CFFD-49AC-A9A0-A21390492FE2}.Debug|Any CPU.ActiveCfg = Debug|Any CPU
		{00AE63F2-CFFD-49AC-A9A0-A21390492FE2}.Debug|Any CPU.Build.0 = Debug|Any CPU
		{00AE63F2-CFFD-49AC-A9A0-A21390492FE2}.Release|Any CPU.ActiveCfg = Release|Any CPU
		{00AE63F2-CFFD-49AC-A9A0-A21390492FE2}.Release|Any CPU.Build.0 = Release|Any CPU
	EndGlobalSection
	GlobalSection(SolutionProperties) = preSolution
		HideSolutionNode = FALSE
	EndGlobalSection
	GlobalSection(ExtensibilityGlobals) = postSolution
		SolutionGuid = {A997B844-1C1F-44D3-9C8C-2872D7CF6DA6}
	EndGlobalSection
EndGlobal
